
Microsoft Visual Studio Solution File, Format Version 12.00
# Visual Studio Version 17
VisualStudioVersion = 17.2.32602.215
MinimumVisualStudioVersion = 10.0.40219.1
Project("{FAE04EC0-301F-11D3-BF4B-00C04F79EFBC}") = "expressões", "expressões\expressões.csproj", "{57F80D2C-9E47-4E90-9A03-B7D9715EBDC7}"
EndProject
Global
	GlobalSection(SolutionConfigurationPlatforms) = preSolution
		Debug|Any CPU = Debug|Any CPU
		Release|Any CPU = Release|Any CPU
	EndGlobalSection
	GlobalSection(ProjectConfigurationPlatforms) = postSolution
		{57F80D2C-9E47-4E90-9A03-B7D9715EBDC7}.Debug|Any CPU.ActiveCfg = Debug|Any CPU
		{57F80D2C-9E47-4E90-9A03-B7D9715EBDC7}.Debug|Any CPU.Build.0 = Debug|Any CPU
		{57F80D2C-9E47-4E90-9A03-B7D9715EBDC7}.Release|Any CPU.ActiveCfg = Release|Any CPU
		{57F80D2C-9E47-4E90-9A03-B7D9715EBDC7}.Release|Any CPU.Build.0 = Release|Any CPU
	EndGlobalSection
	GlobalSection(SolutionProperties) = preSolution
		HideSolutionNode = FALSE
	EndGlobalSection
	GlobalSection(ExtensibilityGlobals) = postSolution
		SolutionGuid = {707B3D07-D893-42CE-889B-8E7A7A3D68FC}
	EndGlobalSection
EndGlobal
